// !$*UTF8*$!
{
	archiveVersion = 1;
	classes = {
	};
	objectVersion = 52;
	objects = {

/* Begin PBXBuildFile section */
		399AA1F0271681C000E8206E /* Response.swift in Sources */ = {isa = PBXBuildFile; fileRef = 399AA1EF271681C000E8206E /* Response.swift */; };
		399AA1F1271681C000E8206E /* Response.swift in Sources */ = {isa = PBXBuildFile; fileRef = 399AA1EF271681C000E8206E /* Response.swift */; };
		399AA1F42716821600E8206E /* Constants.swift in Sources */ = {isa = PBXBuildFile; fileRef = 399AA1F32716821600E8206E /* Constants.swift */; };
		399AA1F52716821600E8206E /* Constants.swift in Sources */ = {isa = PBXBuildFile; fileRef = 399AA1F32716821600E8206E /* Constants.swift */; };
		399AA1F827168AE400E8206E /* NetworkManager.swift in Sources */ = {isa = PBXBuildFile; fileRef = 399AA1F727168AE400E8206E /* NetworkManager.swift */; };
		399AA1F927168AE400E8206E /* NetworkManager.swift in Sources */ = {isa = PBXBuildFile; fileRef = 399AA1F727168AE400E8206E /* NetworkManager.swift */; };
		399AA1FB27168B2100E8206E /* ApiConstants.swift in Sources */ = {isa = PBXBuildFile; fileRef = 399AA1FA27168B2100E8206E /* ApiConstants.swift */; };
		399AA1FC27168B2100E8206E /* ApiConstants.swift in Sources */ = {isa = PBXBuildFile; fileRef = 399AA1FA27168B2100E8206E /* ApiConstants.swift */; };
		399AA1FE2716920B00E8206E /* MoviesViewModel.swift in Sources */ = {isa = PBXBuildFile; fileRef = 399AA1FD2716920B00E8206E /* MoviesViewModel.swift */; };
		399AA1FF2716920B00E8206E /* MoviesViewModel.swift in Sources */ = {isa = PBXBuildFile; fileRef = 399AA1FD2716920B00E8206E /* MoviesViewModel.swift */; };
		399AA202271693EA00E8206E /* OpenCombine in Frameworks */ = {isa = PBXBuildFile; productRef = 399AA201271693EA00E8206E /* OpenCombine */; };
		399AA204271693EA00E8206E /* OpenCombineDispatch in Frameworks */ = {isa = PBXBuildFile; productRef = 399AA203271693EA00E8206E /* OpenCombineDispatch */; };
		399AA206271693EA00E8206E /* OpenCombineFoundation in Frameworks */ = {isa = PBXBuildFile; productRef = 399AA205271693EA00E8206E /* OpenCombineFoundation */; };
		964DC28E27033600008E8DE1 /* Movies.storyboard in Resources */ = {isa = PBXBuildFile; fileRef = 964DC28D27033600008E8DE1 /* Movies.storyboard */; };
		964DC28F27033600008E8DE1 /* Movies.storyboard in Resources */ = {isa = PBXBuildFile; fileRef = 964DC28D27033600008E8DE1 /* Movies.storyboard */; };
		964DC29027033600008E8DE1 /* Movies.storyboard in Resources */ = {isa = PBXBuildFile; fileRef = 964DC28D27033600008E8DE1 /* Movies.storyboard */; };
		964DC294270338C7008E8DE1 /* MoviesCollectionViewController.swift in Sources */ = {isa = PBXBuildFile; fileRef = 964DC293270338C7008E8DE1 /* MoviesCollectionViewController.swift */; };
		964DC295270338C7008E8DE1 /* MoviesCollectionViewController.swift in Sources */ = {isa = PBXBuildFile; fileRef = 964DC293270338C7008E8DE1 /* MoviesCollectionViewController.swift */; };
		964DC296270338C7008E8DE1 /* MoviesCollectionViewController.swift in Sources */ = {isa = PBXBuildFile; fileRef = 964DC293270338C7008E8DE1 /* MoviesCollectionViewController.swift */; };
		964DC29927033907008E8DE1 /* MovieDetailViewController.swift in Sources */ = {isa = PBXBuildFile; fileRef = 964DC29827033907008E8DE1 /* MovieDetailViewController.swift */; };
		964DC29A27033907008E8DE1 /* MovieDetailViewController.swift in Sources */ = {isa = PBXBuildFile; fileRef = 964DC29827033907008E8DE1 /* MovieDetailViewController.swift */; };
		964DC29B27033907008E8DE1 /* MovieDetailViewController.swift in Sources */ = {isa = PBXBuildFile; fileRef = 964DC29827033907008E8DE1 /* MovieDetailViewController.swift */; };
		964DC29D27033946008E8DE1 /* MoviesCollectionViewCell.swift in Sources */ = {isa = PBXBuildFile; fileRef = 964DC29C27033946008E8DE1 /* MoviesCollectionViewCell.swift */; };
		964DC29E27033946008E8DE1 /* MoviesCollectionViewCell.swift in Sources */ = {isa = PBXBuildFile; fileRef = 964DC29C27033946008E8DE1 /* MoviesCollectionViewCell.swift */; };
		964DC29F27033946008E8DE1 /* MoviesCollectionViewCell.swift in Sources */ = {isa = PBXBuildFile; fileRef = 964DC29C27033946008E8DE1 /* MoviesCollectionViewCell.swift */; };
		9678A9F327032F4700D1106E /* AppDelegate.swift in Sources */ = {isa = PBXBuildFile; fileRef = 9678A9F227032F4700D1106E /* AppDelegate.swift */; };
		9678A9F527032F4700D1106E /* SceneDelegate.swift in Sources */ = {isa = PBXBuildFile; fileRef = 9678A9F427032F4700D1106E /* SceneDelegate.swift */; };
		9678A9FC27032F4700D1106E /* Assets.xcassets in Resources */ = {isa = PBXBuildFile; fileRef = 9678A9FB27032F4700D1106E /* Assets.xcassets */; };
		9678A9FF27032F4700D1106E /* LaunchScreen.storyboard in Resources */ = {isa = PBXBuildFile; fileRef = 9678A9FD27032F4700D1106E /* LaunchScreen.storyboard */; };
		9678AA0A27032F4700D1106E /* BourneDigitalTests.swift in Sources */ = {isa = PBXBuildFile; fileRef = 9678AA0927032F4700D1106E /* BourneDigitalTests.swift */; };
		9678AA1527032F4700D1106E /* BourneDigitalUITests.swift in Sources */ = {isa = PBXBuildFile; fileRef = 9678AA1427032F4700D1106E /* BourneDigitalUITests.swift */; };
/* End PBXBuildFile section */

/* Begin PBXContainerItemProxy section */
		9678AA0627032F4700D1106E /* PBXContainerItemProxy */ = {
			isa = PBXContainerItemProxy;
			containerPortal = 9678A9E727032F4700D1106E /* Project object */;
			proxyType = 1;
			remoteGlobalIDString = 9678A9EE27032F4700D1106E;
			remoteInfo = BourneDigital;
		};
		9678AA1127032F4700D1106E /* PBXContainerItemProxy */ = {
			isa = PBXContainerItemProxy;
			containerPortal = 9678A9E727032F4700D1106E /* Project object */;
			proxyType = 1;
			remoteGlobalIDString = 9678A9EE27032F4700D1106E;
			remoteInfo = BourneDigital;
		};
/* End PBXContainerItemProxy section */

/* Begin PBXFileReference section */
		399AA1EF271681C000E8206E /* Response.swift */ = {isa = PBXFileReference; lastKnownFileType = sourcecode.swift; path = Response.swift; sourceTree = "<group>"; };
		399AA1F32716821600E8206E /* Constants.swift */ = {isa = PBXFileReference; lastKnownFileType = sourcecode.swift; path = Constants.swift; sourceTree = "<group>"; };
		399AA1F727168AE400E8206E /* NetworkManager.swift */ = {isa = PBXFileReference; lastKnownFileType = sourcecode.swift; path = NetworkManager.swift; sourceTree = "<group>"; };
		399AA1FA27168B2100E8206E /* ApiConstants.swift */ = {isa = PBXFileReference; lastKnownFileType = sourcecode.swift; path = ApiConstants.swift; sourceTree = "<group>"; };
		399AA1FD2716920B00E8206E /* MoviesViewModel.swift */ = {isa = PBXFileReference; lastKnownFileType = sourcecode.swift; path = MoviesViewModel.swift; sourceTree = "<group>"; };
		964DC28D27033600008E8DE1 /* Movies.storyboard */ = {isa = PBXFileReference; lastKnownFileType = file.storyboard; path = Movies.storyboard; sourceTree = "<group>"; };
		964DC293270338C7008E8DE1 /* MoviesCollectionViewController.swift */ = {isa = PBXFileReference; lastKnownFileType = sourcecode.swift; path = MoviesCollectionViewController.swift; sourceTree = "<group>"; };
		964DC29827033907008E8DE1 /* MovieDetailViewController.swift */ = {isa = PBXFileReference; lastKnownFileType = sourcecode.swift; path = MovieDetailViewController.swift; sourceTree = "<group>"; };
		964DC29C27033946008E8DE1 /* MoviesCollectionViewCell.swift */ = {isa = PBXFileReference; lastKnownFileType = sourcecode.swift; path = MoviesCollectionViewCell.swift; sourceTree = "<group>"; };
		9678A9EF27032F4700D1106E /* BourneDigital.app */ = {isa = PBXFileReference; explicitFileType = wrapper.application; includeInIndex = 0; path = BourneDigital.app; sourceTree = BUILT_PRODUCTS_DIR; };
		9678A9F227032F4700D1106E /* AppDelegate.swift */ = {isa = PBXFileReference; lastKnownFileType = sourcecode.swift; path = AppDelegate.swift; sourceTree = "<group>"; };
		9678A9F427032F4700D1106E /* SceneDelegate.swift */ = {isa = PBXFileReference; lastKnownFileType = sourcecode.swift; path = SceneDelegate.swift; sourceTree = "<group>"; };
		9678A9FB27032F4700D1106E /* Assets.xcassets */ = {isa = PBXFileReference; lastKnownFileType = folder.assetcatalog; path = Assets.xcassets; sourceTree = "<group>"; };
		9678A9FE27032F4700D1106E /* Base */ = {isa = PBXFileReference; lastKnownFileType = file.storyboard; name = Base; path = Base.lproj/LaunchScreen.storyboard; sourceTree = "<group>"; };
		9678AA0027032F4700D1106E /* Info.plist */ = {isa = PBXFileReference; lastKnownFileType = text.plist.xml; path = Info.plist; sourceTree = "<group>"; };
		9678AA0527032F4700D1106E /* BourneDigitalTests.xctest */ = {isa = PBXFileReference; explicitFileType = wrapper.cfbundle; includeInIndex = 0; path = BourneDigitalTests.xctest; sourceTree = BUILT_PRODUCTS_DIR; };
		9678AA0927032F4700D1106E /* BourneDigitalTests.swift */ = {isa = PBXFileReference; lastKnownFileType = sourcecode.swift; path = BourneDigitalTests.swift; sourceTree = "<group>"; };
		9678AA0B27032F4700D1106E /* Info.plist */ = {isa = PBXFileReference; lastKnownFileType = text.plist.xml; path = Info.plist; sourceTree = "<group>"; };
		9678AA1027032F4700D1106E /* BourneDigitalUITests.xctest */ = {isa = PBXFileReference; explicitFileType = wrapper.cfbundle; includeInIndex = 0; path = BourneDigitalUITests.xctest; sourceTree = BUILT_PRODUCTS_DIR; };
		9678AA1427032F4700D1106E /* BourneDigitalUITests.swift */ = {isa = PBXFileReference; lastKnownFileType = sourcecode.swift; path = BourneDigitalUITests.swift; sourceTree = "<group>"; };
		9678AA1627032F4700D1106E /* Info.plist */ = {isa = PBXFileReference; lastKnownFileType = text.plist.xml; path = Info.plist; sourceTree = "<group>"; };
/* End PBXFileReference section */

/* Begin PBXFrameworksBuildPhase section */
		9678A9EC27032F4700D1106E /* Frameworks */ = {
			isa = PBXFrameworksBuildPhase;
			buildActionMask = 2147483647;
			files = (
				399AA204271693EA00E8206E /* OpenCombineDispatch in Frameworks */,
				399AA206271693EA00E8206E /* OpenCombineFoundation in Frameworks */,
				399AA202271693EA00E8206E /* OpenCombine in Frameworks */,
			);
			runOnlyForDeploymentPostprocessing = 0;
		};
		9678AA0227032F4700D1106E /* Frameworks */ = {
			isa = PBXFrameworksBuildPhase;
			buildActionMask = 2147483647;
			files = (
			);
			runOnlyForDeploymentPostprocessing = 0;
		};
		9678AA0D27032F4700D1106E /* Frameworks */ = {
			isa = PBXFrameworksBuildPhase;
			buildActionMask = 2147483647;
			files = (
			);
			runOnlyForDeploymentPostprocessing = 0;
		};
/* End PBXFrameworksBuildPhase section */

/* Begin PBXGroup section */
		399AA1EE271680E400E8206E /* Objects */ = {
			isa = PBXGroup;
			children = (
				399AA1EF271681C000E8206E /* Response.swift */,
			);
			path = Objects;
			sourceTree = "<group>";
		};
		399AA1F2271681F700E8206E /* Common */ = {
			isa = PBXGroup;
			children = (
				9678A9F227032F4700D1106E /* AppDelegate.swift */,
				9678A9F427032F4700D1106E /* SceneDelegate.swift */,
				9678A9FB27032F4700D1106E /* Assets.xcassets */,
				9678A9FD27032F4700D1106E /* LaunchScreen.storyboard */,
			);
			path = Common;
			sourceTree = "<group>";
		};
		399AA1F62716826600E8206E /* Helpers */ = {
			isa = PBXGroup;
			children = (
				399AA1F32716821600E8206E /* Constants.swift */,
				399AA1F727168AE400E8206E /* NetworkManager.swift */,
				399AA1FA27168B2100E8206E /* ApiConstants.swift */,
			);
			path = Helpers;
			sourceTree = "<group>";
		};
		964DC291270336C6008E8DE1 /* Movies */ = {
			isa = PBXGroup;
			children = (
				399AA1EE271680E400E8206E /* Objects */,
				964DC297270338F2008E8DE1 /* MovieDetail */,
				964DC292270338B5008E8DE1 /* Movies */,
				964DC28D27033600008E8DE1 /* Movies.storyboard */,
			);
			path = Movies;
			sourceTree = "<group>";
		};
		964DC292270338B5008E8DE1 /* Movies */ = {
			isa = PBXGroup;
			children = (
				964DC293270338C7008E8DE1 /* MoviesCollectionViewController.swift */,
				964DC29C27033946008E8DE1 /* MoviesCollectionViewCell.swift */,
				399AA1FD2716920B00E8206E /* MoviesViewModel.swift */,
			);
			path = Movies;
			sourceTree = "<group>";
		};
		964DC297270338F2008E8DE1 /* MovieDetail */ = {
			isa = PBXGroup;
			children = (
				964DC29827033907008E8DE1 /* MovieDetailViewController.swift */,
			);
			path = MovieDetail;
			sourceTree = "<group>";
		};
		9678A9E627032F4700D1106E = {
			isa = PBXGroup;
			children = (
				9678A9F127032F4700D1106E /* BourneDigital */,
				9678AA0827032F4700D1106E /* BourneDigitalTests */,
				9678AA1327032F4700D1106E /* BourneDigitalUITests */,
				9678A9F027032F4700D1106E /* Products */,
			);
			sourceTree = "<group>";
		};
		9678A9F027032F4700D1106E /* Products */ = {
			isa = PBXGroup;
			children = (
				9678A9EF27032F4700D1106E /* BourneDigital.app */,
				9678AA0527032F4700D1106E /* BourneDigitalTests.xctest */,
				9678AA1027032F4700D1106E /* BourneDigitalUITests.xctest */,
			);
			name = Products;
			sourceTree = "<group>";
		};
		9678A9F127032F4700D1106E /* BourneDigital */ = {
			isa = PBXGroup;
			children = (
				9678AA0027032F4700D1106E /* Info.plist */,
				399AA1F62716826600E8206E /* Helpers */,
				399AA1F2271681F700E8206E /* Common */,
				964DC291270336C6008E8DE1 /* Movies */,
			);
			path = BourneDigital;
			sourceTree = "<group>";
		};
		9678AA0827032F4700D1106E /* BourneDigitalTests */ = {
			isa = PBXGroup;
			children = (
				9678AA0927032F4700D1106E /* BourneDigitalTests.swift */,
				9678AA0B27032F4700D1106E /* Info.plist */,
			);
			path = BourneDigitalTests;
			sourceTree = "<group>";
		};
		9678AA1327032F4700D1106E /* BourneDigitalUITests */ = {
			isa = PBXGroup;
			children = (
				9678AA1427032F4700D1106E /* BourneDigitalUITests.swift */,
				9678AA1627032F4700D1106E /* Info.plist */,
			);
			path = BourneDigitalUITests;
			sourceTree = "<group>";
		};
/* End PBXGroup section */

/* Begin PBXNativeTarget section */
		9678A9EE27032F4700D1106E /* BourneDigital */ = {
			isa = PBXNativeTarget;
			buildConfigurationList = 9678AA1927032F4700D1106E /* Build configuration list for PBXNativeTarget "BourneDigital" */;
			buildPhases = (
				9678A9EB27032F4700D1106E /* Sources */,
				9678A9EC27032F4700D1106E /* Frameworks */,
				9678A9ED27032F4700D1106E /* Resources */,
			);
			buildRules = (
			);
			dependencies = (
			);
			name = BourneDigital;
			packageProductDependencies = (
				399AA201271693EA00E8206E /* OpenCombine */,
				399AA203271693EA00E8206E /* OpenCombineDispatch */,
				399AA205271693EA00E8206E /* OpenCombineFoundation */,
			);
			productName = BourneDigital;
			productReference = 9678A9EF27032F4700D1106E /* BourneDigital.app */;
			productType = "com.apple.product-type.application";
		};
		9678AA0427032F4700D1106E /* BourneDigitalTests */ = {
			isa = PBXNativeTarget;
			buildConfigurationList = 9678AA1C27032F4700D1106E /* Build configuration list for PBXNativeTarget "BourneDigitalTests" */;
			buildPhases = (
				9678AA0127032F4700D1106E /* Sources */,
				9678AA0227032F4700D1106E /* Frameworks */,
				9678AA0327032F4700D1106E /* Resources */,
			);
			buildRules = (
			);
			dependencies = (
				9678AA0727032F4700D1106E /* PBXTargetDependency */,
			);
			name = BourneDigitalTests;
			productName = BourneDigitalTests;
			productReference = 9678AA0527032F4700D1106E /* BourneDigitalTests.xctest */;
			productType = "com.apple.product-type.bundle.unit-test";
		};
		9678AA0F27032F4700D1106E /* BourneDigitalUITests */ = {
			isa = PBXNativeTarget;
			buildConfigurationList = 9678AA1F27032F4700D1106E /* Build configuration list for PBXNativeTarget "BourneDigitalUITests" */;
			buildPhases = (
				9678AA0C27032F4700D1106E /* Sources */,
				9678AA0D27032F4700D1106E /* Frameworks */,
				9678AA0E27032F4700D1106E /* Resources */,
			);
			buildRules = (
			);
			dependencies = (
				9678AA1227032F4700D1106E /* PBXTargetDependency */,
			);
			name = BourneDigitalUITests;
			productName = BourneDigitalUITests;
			productReference = 9678AA1027032F4700D1106E /* BourneDigitalUITests.xctest */;
			productType = "com.apple.product-type.bundle.ui-testing";
		};
/* End PBXNativeTarget section */

/* Begin PBXProject section */
		9678A9E727032F4700D1106E /* Project object */ = {
			isa = PBXProject;
			attributes = {
				LastSwiftUpdateCheck = 1250;
				LastUpgradeCheck = 1250;
				TargetAttributes = {
					9678A9EE27032F4700D1106E = {
						CreatedOnToolsVersion = 12.5.1;
					};
					9678AA0427032F4700D1106E = {
						CreatedOnToolsVersion = 12.5.1;
						TestTargetID = 9678A9EE27032F4700D1106E;
					};
					9678AA0F27032F4700D1106E = {
						CreatedOnToolsVersion = 12.5.1;
						TestTargetID = 9678A9EE27032F4700D1106E;
					};
				};
			};
			buildConfigurationList = 9678A9EA27032F4700D1106E /* Build configuration list for PBXProject "BourneDigital" */;
			compatibilityVersion = "Xcode 9.3";
			developmentRegion = en;
			hasScannedForEncodings = 0;
			knownRegions = (
				en,
				Base,
			);
			mainGroup = 9678A9E627032F4700D1106E;
			packageReferences = (
				399AA200271693EA00E8206E /* XCRemoteSwiftPackageReference "OpenCombine" */,
			);
			productRefGroup = 9678A9F027032F4700D1106E /* Products */;
			projectDirPath = "";
			projectRoot = "";
			targets = (
				9678A9EE27032F4700D1106E /* BourneDigital */,
				9678AA0427032F4700D1106E /* BourneDigitalTests */,
				9678AA0F27032F4700D1106E /* BourneDigitalUITests */,
			);
		};
/* End PBXProject section */

/* Begin PBXResourcesBuildPhase section */
		9678A9ED27032F4700D1106E /* Resources */ = {
			isa = PBXResourcesBuildPhase;
			buildActionMask = 2147483647;
			files = (
				9678A9FF27032F4700D1106E /* LaunchScreen.storyboard in Resources */,
				9678A9FC27032F4700D1106E /* Assets.xcassets in Resources */,
				964DC28E27033600008E8DE1 /* Movies.storyboard in Resources */,
			);
			runOnlyForDeploymentPostprocessing = 0;
		};
		9678AA0327032F4700D1106E /* Resources */ = {
			isa = PBXResourcesBuildPhase;
			buildActionMask = 2147483647;
			files = (
				964DC28F27033600008E8DE1 /* Movies.storyboard in Resources */,
			);
			runOnlyForDeploymentPostprocessing = 0;
		};
		9678AA0E27032F4700D1106E /* Resources */ = {
			isa = PBXResourcesBuildPhase;
			buildActionMask = 2147483647;
			files = (
				964DC29027033600008E8DE1 /* Movies.storyboard in Resources */,
			);
			runOnlyForDeploymentPostprocessing = 0;
		};
/* End PBXResourcesBuildPhase section */

/* Begin PBXSourcesBuildPhase section */
		9678A9EB27032F4700D1106E /* Sources */ = {
			isa = PBXSourcesBuildPhase;
			buildActionMask = 2147483647;
			files = (
				964DC29927033907008E8DE1 /* MovieDetailViewController.swift in Sources */,
				964DC294270338C7008E8DE1 /* MoviesCollectionViewController.swift in Sources */,
				964DC29D27033946008E8DE1 /* MoviesCollectionViewCell.swift in Sources */,
				9678A9F327032F4700D1106E /* AppDelegate.swift in Sources */,
				399AA1F827168AE400E8206E /* NetworkManager.swift in Sources */,
				399AA1FB27168B2100E8206E /* ApiConstants.swift in Sources */,
				9678A9F527032F4700D1106E /* SceneDelegate.swift in Sources */,
				399AA1F0271681C000E8206E /* Response.swift in Sources */,
				399AA1F42716821600E8206E /* Constants.swift in Sources */,
				399AA1FE2716920B00E8206E /* MoviesViewModel.swift in Sources */,
			);
			runOnlyForDeploymentPostprocessing = 0;
		};
		9678AA0127032F4700D1106E /* Sources */ = {
			isa = PBXSourcesBuildPhase;
			buildActionMask = 2147483647;
			files = (
				9678AA0A27032F4700D1106E /* BourneDigitalTests.swift in Sources */,
				964DC29A27033907008E8DE1 /* MovieDetailViewController.swift in Sources */,
				964DC295270338C7008E8DE1 /* MoviesCollectionViewController.swift in Sources */,
				399AA1F927168AE400E8206E /* NetworkManager.swift in Sources */,
				399AA1FF2716920B00E8206E /* MoviesViewModel.swift in Sources */,
				399AA1FC27168B2100E8206E /* ApiConstants.swift in Sources */,
				964DC29E27033946008E8DE1 /* MoviesCollectionViewCell.swift in Sources */,
				399AA1F1271681C000E8206E /* Response.swift in Sources */,
				399AA1F52716821600E8206E /* Constants.swift in Sources */,
			);
			runOnlyForDeploymentPostprocessing = 0;
		};
		9678AA0C27032F4700D1106E /* Sources */ = {
			isa = PBXSourcesBuildPhase;
			buildActionMask = 2147483647;
			files = (
				9678AA1527032F4700D1106E /* BourneDigitalUITests.swift in Sources */,
				964DC29B27033907008E8DE1 /* MovieDetailViewController.swift in Sources */,
				964DC296270338C7008E8DE1 /* MoviesCollectionViewController.swift in Sources */,
				964DC29F27033946008E8DE1 /* MoviesCollectionViewCell.swift in Sources */,
			);
			runOnlyForDeploymentPostprocessing = 0;
		};
/* End PBXSourcesBuildPhase section */

/* Begin PBXTargetDependency section */
		9678AA0727032F4700D1106E /* PBXTargetDependency */ = {
			isa = PBXTargetDependency;
			target = 9678A9EE27032F4700D1106E /* BourneDigital */;
			targetProxy = 9678AA0627032F4700D1106E /* PBXContainerItemProxy */;
		};
		9678AA1227032F4700D1106E /* PBXTargetDependency */ = {
			isa = PBXTargetDependency;
			target = 9678A9EE27032F4700D1106E /* BourneDigital */;
			targetProxy = 9678AA1127032F4700D1106E /* PBXContainerItemProxy */;
		};
/* End PBXTargetDependency section */

/* Begin PBXVariantGroup section */
		9678A9FD27032F4700D1106E /* LaunchScreen.storyboard */ = {
			isa = PBXVariantGroup;
			children = (
				9678A9FE27032F4700D1106E /* Base */,
			);
			name = LaunchScreen.storyboard;
			sourceTree = "<group>";
		};
/* End PBXVariantGroup section */

/* Begin XCBuildConfiguration section */
		9678AA1727032F4700D1106E /* Debug */ = {
			isa = XCBuildConfiguration;
			buildSettings = {
				ALWAYS_SEARCH_USER_PATHS = NO;
				CLANG_ANALYZER_NONNULL = YES;
				CLANG_ANALYZER_NUMBER_OBJECT_CONVERSION = YES_AGGRESSIVE;
				CLANG_CXX_LANGUAGE_STANDARD = "gnu++14";
				CLANG_CXX_LIBRARY = "libc++";
				CLANG_ENABLE_MODULES = YES;
				CLANG_ENABLE_OBJC_ARC = YES;
				CLANG_ENABLE_OBJC_WEAK = YES;
				CLANG_WARN_BLOCK_CAPTURE_AUTORELEASING = YES;
				CLANG_WARN_BOOL_CONVERSION = YES;
				CLANG_WARN_COMMA = YES;
				CLANG_WARN_CONSTANT_CONVERSION = YES;
				CLANG_WARN_DEPRECATED_OBJC_IMPLEMENTATIONS = YES;
				CLANG_WARN_DIRECT_OBJC_ISA_USAGE = YES_ERROR;
				CLANG_WARN_DOCUMENTATION_COMMENTS = YES;
				CLANG_WARN_EMPTY_BODY = YES;
				CLANG_WARN_ENUM_CONVERSION = YES;
				CLANG_WARN_INFINITE_RECURSION = YES;
				CLANG_WARN_INT_CONVERSION = YES;
				CLANG_WARN_NON_LITERAL_NULL_CONVERSION = YES;
				CLANG_WARN_OBJC_IMPLICIT_RETAIN_SELF = YES;
				CLANG_WARN_OBJC_LITERAL_CONVERSION = YES;
				CLANG_WARN_OBJC_ROOT_CLASS = YES_ERROR;
				CLANG_WARN_QUOTED_INCLUDE_IN_FRAMEWORK_HEADER = YES;
				CLANG_WARN_RANGE_LOOP_ANALYSIS = YES;
				CLANG_WARN_STRICT_PROTOTYPES = YES;
				CLANG_WARN_SUSPICIOUS_MOVE = YES;
				CLANG_WARN_UNGUARDED_AVAILABILITY = YES_AGGRESSIVE;
				CLANG_WARN_UNREACHABLE_CODE = YES;
				CLANG_WARN__DUPLICATE_METHOD_MATCH = YES;
				COPY_PHASE_STRIP = NO;
				DEBUG_INFORMATION_FORMAT = dwarf;
				ENABLE_STRICT_OBJC_MSGSEND = YES;
				ENABLE_TESTABILITY = YES;
				GCC_C_LANGUAGE_STANDARD = gnu11;
				GCC_DYNAMIC_NO_PIC = NO;
				GCC_NO_COMMON_BLOCKS = YES;
				GCC_OPTIMIZATION_LEVEL = 0;
				GCC_PREPROCESSOR_DEFINITIONS = (
					"DEBUG=1",
					"$(inherited)",
				);
				GCC_WARN_64_TO_32_BIT_CONVERSION = YES;
				GCC_WARN_ABOUT_RETURN_TYPE = YES_ERROR;
				GCC_WARN_UNDECLARED_SELECTOR = YES;
				GCC_WARN_UNINITIALIZED_AUTOS = YES_AGGRESSIVE;
				GCC_WARN_UNUSED_FUNCTION = YES;
				GCC_WARN_UNUSED_VARIABLE = YES;
				IPHONEOS_DEPLOYMENT_TARGET = 14.5;
				MTL_ENABLE_DEBUG_INFO = INCLUDE_SOURCE;
				MTL_FAST_MATH = YES;
				ONLY_ACTIVE_ARCH = YES;
				SDKROOT = iphoneos;
				SWIFT_ACTIVE_COMPILATION_CONDITIONS = DEBUG;
				SWIFT_OPTIMIZATION_LEVEL = "-Onone";
			};
			name = Debug;
		};
		9678AA1827032F4700D1106E /* Release */ = {
			isa = XCBuildConfiguration;
			buildSettings = {
				ALWAYS_SEARCH_USER_PATHS = NO;
				CLANG_ANALYZER_NONNULL = YES;
				CLANG_ANALYZER_NUMBER_OBJECT_CONVERSION = YES_AGGRESSIVE;
				CLANG_CXX_LANGUAGE_STANDARD = "gnu++14";
				CLANG_CXX_LIBRARY = "libc++";
				CLANG_ENABLE_MODULES = YES;
				CLANG_ENABLE_OBJC_ARC = YES;
				CLANG_ENABLE_OBJC_WEAK = YES;
				CLANG_WARN_BLOCK_CAPTURE_AUTORELEASING = YES;
				CLANG_WARN_BOOL_CONVERSION = YES;
				CLANG_WARN_COMMA = YES;
				CLANG_WARN_CONSTANT_CONVERSION = YES;
				CLANG_WARN_DEPRECATED_OBJC_IMPLEMENTATIONS = YES;
				CLANG_WARN_DIRECT_OBJC_ISA_USAGE = YES_ERROR;
				CLANG_WARN_DOCUMENTATION_COMMENTS = YES;
				CLANG_WARN_EMPTY_BODY = YES;
				CLANG_WARN_ENUM_CONVERSION = YES;
				CLANG_WARN_INFINITE_RECURSION = YES;
				CLANG_WARN_INT_CONVERSION = YES;
				CLANG_WARN_NON_LITERAL_NULL_CONVERSION = YES;
				CLANG_WARN_OBJC_IMPLICIT_RETAIN_SELF = YES;
				CLANG_WARN_OBJC_LITERAL_CONVERSION = YES;
				CLANG_WARN_OBJC_ROOT_CLASS = YES_ERROR;
				CLANG_WARN_QUOTED_INCLUDE_IN_FRAMEWORK_HEADER = YES;
				CLANG_WARN_RANGE_LOOP_ANALYSIS = YES;
				CLANG_WARN_STRICT_PROTOTYPES = YES;
				CLANG_WARN_SUSPICIOUS_MOVE = YES;
				CLANG_WARN_UNGUARDED_AVAILABILITY = YES_AGGRESSIVE;
				CLANG_WARN_UNREACHABLE_CODE = YES;
				CLANG_WARN__DUPLICATE_METHOD_MATCH = YES;
				COPY_PHASE_STRIP = NO;
				DEBUG_INFORMATION_FORMAT = "dwarf-with-dsym";
				ENABLE_NS_ASSERTIONS = NO;
				ENABLE_STRICT_OBJC_MSGSEND = YES;
				GCC_C_LANGUAGE_STANDARD = gnu11;
				GCC_NO_COMMON_BLOCKS = YES;
				GCC_WARN_64_TO_32_BIT_CONVERSION = YES;
				GCC_WARN_ABOUT_RETURN_TYPE = YES_ERROR;
				GCC_WARN_UNDECLARED_SELECTOR = YES;
				GCC_WARN_UNINITIALIZED_AUTOS = YES_AGGRESSIVE;
				GCC_WARN_UNUSED_FUNCTION = YES;
				GCC_WARN_UNUSED_VARIABLE = YES;
				IPHONEOS_DEPLOYMENT_TARGET = 14.5;
				MTL_ENABLE_DEBUG_INFO = NO;
				MTL_FAST_MATH = YES;
				SDKROOT = iphoneos;
				SWIFT_COMPILATION_MODE = wholemodule;
				SWIFT_OPTIMIZATION_LEVEL = "-O";
				VALIDATE_PRODUCT = YES;
			};
			name = Release;
		};
		9678AA1A27032F4700D1106E /* Debug */ = {
			isa = XCBuildConfiguration;
			buildSettings = {
				ASSETCATALOG_COMPILER_APPICON_NAME = AppIcon;
				ASSETCATALOG_COMPILER_GLOBAL_ACCENT_COLOR_NAME = AccentColor;
				CODE_SIGN_STYLE = Automatic;
				INFOPLIST_FILE = BourneDigital/Info.plist;
				LD_RUNPATH_SEARCH_PATHS = (
					"$(inherited)",
					"@executable_path/Frameworks",
				);
				PRODUCT_BUNDLE_IDENTIFIER = ankitha.BourneDigital;
				PRODUCT_NAME = "$(TARGET_NAME)";
				SWIFT_VERSION = 5.0;
				TARGETED_DEVICE_FAMILY = "1,2";
			};
			name = Debug;
		};
		9678AA1B27032F4700D1106E /* Release */ = {
			isa = XCBuildConfiguration;
			buildSettings = {
				ASSETCATALOG_COMPILER_APPICON_NAME = AppIcon;
				ASSETCATALOG_COMPILER_GLOBAL_ACCENT_COLOR_NAME = AccentColor;
				CODE_SIGN_STYLE = Automatic;
				INFOPLIST_FILE = BourneDigital/Info.plist;
				LD_RUNPATH_SEARCH_PATHS = (
					"$(inherited)",
					"@executable_path/Frameworks",
				);
				PRODUCT_BUNDLE_IDENTIFIER = ankitha.BourneDigital;
				PRODUCT_NAME = "$(TARGET_NAME)";
				SWIFT_VERSION = 5.0;
				TARGETED_DEVICE_FAMILY = "1,2";
			};
			name = Release;
		};
		9678AA1D27032F4700D1106E /* Debug */ = {
			isa = XCBuildConfiguration;
			buildSettings = {
				ALWAYS_EMBED_SWIFT_STANDARD_LIBRARIES = YES;
				BUNDLE_LOADER = "$(TEST_HOST)";
				CODE_SIGN_STYLE = Automatic;
				INFOPLIST_FILE = BourneDigitalTests/Info.plist;
				IPHONEOS_DEPLOYMENT_TARGET = 14.5;
				LD_RUNPATH_SEARCH_PATHS = (
					"$(inherited)",
					"@executable_path/Frameworks",
					"@loader_path/Frameworks",
				);
				PRODUCT_BUNDLE_IDENTIFIER = ankitha.BourneDigitalTests;
				PRODUCT_NAME = "$(TARGET_NAME)";
				SWIFT_VERSION = 5.0;
				TARGETED_DEVICE_FAMILY = "1,2";
				TEST_HOST = "$(BUILT_PRODUCTS_DIR)/BourneDigital.app/BourneDigital";
			};
			name = Debug;
		};
		9678AA1E27032F4700D1106E /* Release */ = {
			isa = XCBuildConfiguration;
			buildSettings = {
				ALWAYS_EMBED_SWIFT_STANDARD_LIBRARIES = YES;
				BUNDLE_LOADER = "$(TEST_HOST)";
				CODE_SIGN_STYLE = Automatic;
				INFOPLIST_FILE = BourneDigitalTests/Info.plist;
				IPHONEOS_DEPLOYMENT_TARGET = 14.5;
				LD_RUNPATH_SEARCH_PATHS = (
					"$(inherited)",
					"@executable_path/Frameworks",
					"@loader_path/Frameworks",
				);
				PRODUCT_BUNDLE_IDENTIFIER = ankitha.BourneDigitalTests;
				PRODUCT_NAME = "$(TARGET_NAME)";
				SWIFT_VERSION = 5.0;
				TARGETED_DEVICE_FAMILY = "1,2";
				TEST_HOST = "$(BUILT_PRODUCTS_DIR)/BourneDigital.app/BourneDigital";
			};
			name = Release;
		};
		9678AA2027032F4700D1106E /* Debug */ = {
			isa = XCBuildConfiguration;
			buildSettings = {
				ALWAYS_EMBED_SWIFT_STANDARD_LIBRARIES = YES;
				CODE_SIGN_STYLE = Automatic;
				INFOPLIST_FILE = BourneDigitalUITests/Info.plist;
				LD_RUNPATH_SEARCH_PATHS = (
					"$(inherited)",
					"@executable_path/Frameworks",
					"@loader_path/Frameworks",
				);
				PRODUCT_BUNDLE_IDENTIFIER = ankitha.BourneDigitalUITests;
				PRODUCT_NAME = "$(TARGET_NAME)";
				SWIFT_VERSION = 5.0;
				TARGETED_DEVICE_FAMILY = "1,2";
				TEST_TARGET_NAME = BourneDigital;
			};
			name = Debug;
		};
		9678AA2127032F4700D1106E /* Release */ = {
			isa = XCBuildConfiguration;
			buildSettings = {
				ALWAYS_EMBED_SWIFT_STANDARD_LIBRARIES = YES;
				CODE_SIGN_STYLE = Automatic;
				INFOPLIST_FILE = BourneDigitalUITests/Info.plist;
				LD_RUNPATH_SEARCH_PATHS = (
					"$(inherited)",
					"@executable_path/Frameworks",
					"@loader_path/Frameworks",
				);
				PRODUCT_BUNDLE_IDENTIFIER = ankitha.BourneDigitalUITests;
				PRODUCT_NAME = "$(TARGET_NAME)";
				SWIFT_VERSION = 5.0;
				TARGETED_DEVICE_FAMILY = "1,2";
				TEST_TARGET_NAME = BourneDigital;
			};
			name = Release;
		};
/* End XCBuildConfiguration section */

/* Begin XCConfigurationList section */
		9678A9EA27032F4700D1106E /* Build configuration list for PBXProject "BourneDigital" */ = {
			isa = XCConfigurationList;
			buildConfigurations = (
				9678AA1727032F4700D1106E /* Debug */,
				9678AA1827032F4700D1106E /* Release */,
			);
			defaultConfigurationIsVisible = 0;
			defaultConfigurationName = Release;
		};
		9678AA1927032F4700D1106E /* Build configuration list for PBXNativeTarget "BourneDigital" */ = {
			isa = XCConfigurationList;
			buildConfigurations = (
				9678AA1A27032F4700D1106E /* Debug */,
				9678AA1B27032F4700D1106E /* Release */,
			);
			defaultConfigurationIsVisible = 0;
			defaultConfigurationName = Release;
		};
		9678AA1C27032F4700D1106E /* Build configuration list for PBXNativeTarget "BourneDigitalTests" */ = {
			isa = XCConfigurationList;
			buildConfigurations = (
				9678AA1D27032F4700D1106E /* Debug */,
				9678AA1E27032F4700D1106E /* Release */,
			);
			defaultConfigurationIsVisible = 0;
			defaultConfigurationName = Release;
		};
		9678AA1F27032F4700D1106E /* Build configuration list for PBXNativeTarget "BourneDigitalUITests" */ = {
			isa = XCConfigurationList;
			buildConfigurations = (
				9678AA2027032F4700D1106E /* Debug */,
				9678AA2127032F4700D1106E /* Release */,
			);
			defaultConfigurationIsVisible = 0;
			defaultConfigurationName = Release;
		};
/* End XCConfigurationList section */

/* Begin XCRemoteSwiftPackageReference section */
		399AA200271693EA00E8206E /* XCRemoteSwiftPackageReference "OpenCombine" */ = {
			isa = XCRemoteSwiftPackageReference;
			repositoryURL = "https://github.com/OpenCombine/OpenCombine";
			requirement = {
				kind = upToNextMajorVersion;
				minimumVersion = 0.9.0;
			};
		};
/* End XCRemoteSwiftPackageReference section */

/* Begin XCSwiftPackageProductDependency section */
		399AA201271693EA00E8206E /* OpenCombine */ = {
			isa = XCSwiftPackageProductDependency;
			package = 399AA200271693EA00E8206E /* XCRemoteSwiftPackageReference "OpenCombine" */;
			productName = OpenCombine;
		};
		399AA203271693EA00E8206E /* OpenCombineDispatch */ = {
			isa = XCSwiftPackageProductDependency;
			package = 399AA200271693EA00E8206E /* XCRemoteSwiftPackageReference "OpenCombine" */;
			productName = OpenCombineDispatch;
		};
		399AA205271693EA00E8206E /* OpenCombineFoundation */ = {
			isa = XCSwiftPackageProductDependency;
			package = 399AA200271693EA00E8206E /* XCRemoteSwiftPackageReference "OpenCombine" */;
			productName = OpenCombineFoundation;
		};
/* End XCSwiftPackageProductDependency section */
	};
	rootObject = 9678A9E727032F4700D1106E /* Project object */;
}
